
Microsoft Visual Studio Solution File, Format Version 11.00
# Visual Studio 2010
Project("{8BC9CEB8-8B4A-11D0-8D11-00A0C91BC942}") = "codec", "codec\codec.vcxproj", "{BA6C6A36-66D3-456E-A9FF-706B15CE2C81}"
EndProject
Project("{8BC9CEB8-8B4A-11D0-8D11-00A0C91BC942}") = "plugin", "plugin\plugin.vcxproj", "{3000F4FC-F8EE-4DD2-884A-2670F73BEA06}"
EndProject
Global
	GlobalSection(SolutionConfigurationPlatforms) = preSolution
		Debug|Win32 = Debug|Win32
		Release|Win32 = Release|Win32
	EndGlobalSection
	GlobalSection(ProjectConfigurationPlatforms) = postSolution
		{BA6C6A36-66D3-456E-A9FF-706B15CE2C81}.Debug|Win32.ActiveCfg = Debug|Win32
		{BA6C6A36-66D3-456E-A9FF-706B15CE2C81}.Debug|Win32.Build.0 = Debug|Win32
		{BA6C6A36-66D3-456E-A9FF-706B15CE2C81}.Release|Win32.ActiveCfg = Release|Win32
		{BA6C6A36-66D3-456E-A9FF-706B15CE2C81}.Release|Win32.Build.0 = Release|Win32
		{3000F4FC-F8EE-4DD2-884A-2670F73BEA06}.Debug|Win32.ActiveCfg = Debug|Win32
		{3000F4FC-F8EE-4DD2-884A-2670F73BEA06}.Debug|Win32.Build.0 = Debug|Win32
		{3000F4FC-F8EE-4DD2-884A-2670F73BEA06}.Release|Win32.ActiveCfg = Release|Win32
		{3000F4FC-F8EE-4DD2-884A-2670F73BEA06}.Release|Win32.Build.0 = Release|Win32
	EndGlobalSection
	GlobalSection(SolutionProperties) = preSolution
		HideSolutionNode = FALSE
	EndGlobalSection
EndGlobal
